# This file is automatically @generated by Cargo.
# It is not intended for manual editing.
version = 3

[[package]]
name = "bitflags"
version = "2.5.0"
source = "registry+https://github.com/rust-lang/crates.io-index"
checksum = "cf4b9d6a944f767f8e5e0db018570623c85f3d925ac718db4e06d0187adb21c1"

[[package]]
name = "spin-virt-deny-all"
version = "0.1.0"
dependencies = [
 "wit-bindgen-rt",
]

[[package]]
name = "wit-bindgen-rt"
version = "0.28.0"
source = "registry+https://github.com/rust-lang/crates.io-index"
checksum = "d7a37bd9274cb2d4754b915d624447ec0dce9105d174361841c0826efc79ceb9"
dependencies = [
 "bitflags",
]
